{
  "name": "json-logic-compat-tests",
  "version": "1.0.0",
  "lockfileVersion": 3,
  "requires": true,
  "packages": {
    "": {
      "name": "json-logic-compat-tests",
      "version": "1.0.0",
      "dependencies": {
        "json-logic-engine": "^5.0.0-6",
        "json-logic-js": "^2.0.5"
      }
    },
    "node_modules/json-logic-engine": {
      "version": "5.0.0-6",
      "resolved": "https://registry.npmjs.org/json-logic-engine/-/json-logic-engine-5.0.0-6.tgz",
      "integrity": "sha512-1ewobfMdDv5x1PLTwhgF3uA8jXwgO7AZQKDGgxnqkoEHmw5EtiDXBZCzEyjcer1XYsnc1EgsYhKR6jVCJ+zhiA==",
      "license": "MIT",
      "engines": {
        "node": ">=12.22.7"
      }
    },
    "node_modules/json-logic-js": {
      "version": "2.0.5",
      "resolved": "https://registry.npmjs.org/json-logic-js/-/json-logic-js-2.0.5.tgz",
      "integrity": "sha512-rTT2+lqcuUmj4DgWfmzupZqQDA64AdmYqizzMPWj3DxGdfFNsxPpcNVSaTj4l8W2tG/+hg7/mQhxjU3aPacO6g==",
      "license": "MIT"
    }
  }
}
